
Microsoft Visual Studio Solution File, Format Version 12.00
# Visual Studio Version 17
VisualStudioVersion = 17.7.34221.43
MinimumVisualStudioVersion = 10.0.40219.1
Project("{FAE04EC0-301F-11D3-BF4B-00C04F79EFBC}") = "aldoProject", "klProject\aldoProject.csproj", "{20F64902-D6A0-446F-BD25-E574424DC908}"
EndProject
Global
	GlobalSection(SolutionConfigurationPlatforms) = preSolution
		Debug|Any CPU = Debug|Any CPU
		Release|Any CPU = Release|Any CPU
	EndGlobalSection
	GlobalSection(ProjectConfigurationPlatforms) = postSolution
		{20F64902-D6A0-446F-BD25-E574424DC908}.Debug|Any CPU.ActiveCfg = Debug|Any CPU
		{20F64902-D6A0-446F-BD25-E574424DC908}.Debug|Any CPU.Build.0 = Debug|Any CPU
		{20F64902-D6A0-446F-BD25-E574424DC908}.Release|Any CPU.ActiveCfg = Release|Any CPU
		{20F64902-D6A0-446F-BD25-E574424DC908}.Release|Any CPU.Build.0 = Release|Any CPU
	EndGlobalSection
	GlobalSection(SolutionProperties) = preSolution
		HideSolutionNode = FALSE
	EndGlobalSection
	GlobalSection(ExtensibilityGlobals) = postSolution
		SolutionGuid = {E5DB979E-9EF1-441B-9332-514D7DF7D316}
	EndGlobalSection
EndGlobal
